// !$*UTF8*$!
{
	archiveVersion = 1;
	classes = {
	};
	objectVersion = 56;
	objects = {

/* Begin PBXBuildFile section */
		85ACC8C12A91276E004FF41D /* AppDelegate.swift in Sources */ = {isa = PBXBuildFile; fileRef = 85ACC8C02A91276E004FF41D /* AppDelegate.swift */; };
		85ACC8C32A91276E004FF41D /* SceneDelegate.swift in Sources */ = {isa = PBXBuildFile; fileRef = 85ACC8C22A91276E004FF41D /* SceneDelegate.swift */; };
		85ACC8C52A91276E004FF41D /* MainViewController.swift in Sources */ = {isa = PBXBuildFile; fileRef = 85ACC8C42A91276E004FF41D /* MainViewController.swift */; };
		85ACC8C82A91276E004FF41D /* Main.storyboard in Resources */ = {isa = PBXBuildFile; fileRef = 85ACC8C62A91276E004FF41D /* Main.storyboard */; };
		85ACC8CA2A91276F004FF41D /* Assets.xcassets in Resources */ = {isa = PBXBuildFile; fileRef = 85ACC8C92A91276F004FF41D /* Assets.xcassets */; };
		85ACC8CD2A91276F004FF41D /* LaunchScreen.storyboard in Resources */ = {isa = PBXBuildFile; fileRef = 85ACC8CB2A91276F004FF41D /* LaunchScreen.storyboard */; };
		85ACC8D82A91276F004FF41D /* NewsApp1Tests.swift in Sources */ = {isa = PBXBuildFile; fileRef = 85ACC8D72A91276F004FF41D /* NewsApp1Tests.swift */; };
		85ACC8E22A91276F004FF41D /* NewsApp1UITests.swift in Sources */ = {isa = PBXBuildFile; fileRef = 85ACC8E12A91276F004FF41D /* NewsApp1UITests.swift */; };
		85ACC8E42A91276F004FF41D /* NewsApp1UITestsLaunchTests.swift in Sources */ = {isa = PBXBuildFile; fileRef = 85ACC8E32A91276F004FF41D /* NewsApp1UITestsLaunchTests.swift */; };
		85ACC8F12A9128F5004FF41D /* NewsViewController.swift in Sources */ = {isa = PBXBuildFile; fileRef = 85ACC8F02A9128F5004FF41D /* NewsViewController.swift */; };
		85ACC8F32A912908004FF41D /* FavoritesViewController.swift in Sources */ = {isa = PBXBuildFile; fileRef = 85ACC8F22A912908004FF41D /* FavoritesViewController.swift */; };
		85ACC8F52A922048004FF41D /* NewsModel.swift in Sources */ = {isa = PBXBuildFile; fileRef = 85ACC8F42A922048004FF41D /* NewsModel.swift */; };
		85ACC8F72A92540C004FF41D /* NewsTableViewCell.swift in Sources */ = {isa = PBXBuildFile; fileRef = 85ACC8F62A92540C004FF41D /* NewsTableViewCell.swift */; };
/* End PBXBuildFile section */

/* Begin PBXContainerItemProxy section */
		85ACC8D42A91276F004FF41D /* PBXContainerItemProxy */ = {
			isa = PBXContainerItemProxy;
			containerPortal = 85ACC8B52A91276E004FF41D /* Project object */;
			proxyType = 1;
			remoteGlobalIDString = 85ACC8BC2A91276E004FF41D;
			remoteInfo = NewsApp1;
		};
		85ACC8DE2A91276F004FF41D /* PBXContainerItemProxy */ = {
			isa = PBXContainerItemProxy;
			containerPortal = 85ACC8B52A91276E004FF41D /* Project object */;
			proxyType = 1;
			remoteGlobalIDString = 85ACC8BC2A91276E004FF41D;
			remoteInfo = NewsApp1;
		};
/* End PBXContainerItemProxy section */

/* Begin PBXFileReference section */
		85ACC8BD2A91276E004FF41D /* NewsApp1.app */ = {isa = PBXFileReference; explicitFileType = wrapper.application; includeInIndex = 0; path = NewsApp1.app; sourceTree = BUILT_PRODUCTS_DIR; };
		85ACC8C02A91276E004FF41D /* AppDelegate.swift */ = {isa = PBXFileReference; lastKnownFileType = sourcecode.swift; path = AppDelegate.swift; sourceTree = "<group>"; };
		85ACC8C22A91276E004FF41D /* SceneDelegate.swift */ = {isa = PBXFileReference; lastKnownFileType = sourcecode.swift; path = SceneDelegate.swift; sourceTree = "<group>"; };
		85ACC8C42A91276E004FF41D /* MainViewController.swift */ = {isa = PBXFileReference; lastKnownFileType = sourcecode.swift; path = MainViewController.swift; sourceTree = "<group>"; };
		85ACC8C72A91276E004FF41D /* Base */ = {isa = PBXFileReference; lastKnownFileType = file.storyboard; name = Base; path = Base.lproj/Main.storyboard; sourceTree = "<group>"; };
		85ACC8C92A91276F004FF41D /* Assets.xcassets */ = {isa = PBXFileReference; lastKnownFileType = folder.assetcatalog; path = Assets.xcassets; sourceTree = "<group>"; };
		85ACC8CC2A91276F004FF41D /* Base */ = {isa = PBXFileReference; lastKnownFileType = file.storyboard; name = Base; path = Base.lproj/LaunchScreen.storyboard; sourceTree = "<group>"; };
		85ACC8CE2A91276F004FF41D /* Info.plist */ = {isa = PBXFileReference; lastKnownFileType = text.plist.xml; path = Info.plist; sourceTree = "<group>"; };
		85ACC8D32A91276F004FF41D /* NewsApp1Tests.xctest */ = {isa = PBXFileReference; explicitFileType = wrapper.cfbundle; includeInIndex = 0; path = NewsApp1Tests.xctest; sourceTree = BUILT_PRODUCTS_DIR; };
		85ACC8D72A91276F004FF41D /* NewsApp1Tests.swift */ = {isa = PBXFileReference; lastKnownFileType = sourcecode.swift; path = NewsApp1Tests.swift; sourceTree = "<group>"; };
		85ACC8DD2A91276F004FF41D /* NewsApp1UITests.xctest */ = {isa = PBXFileReference; explicitFileType = wrapper.cfbundle; includeInIndex = 0; path = NewsApp1UITests.xctest; sourceTree = BUILT_PRODUCTS_DIR; };
		85ACC8E12A91276F004FF41D /* NewsApp1UITests.swift */ = {isa = PBXFileReference; lastKnownFileType = sourcecode.swift; path = NewsApp1UITests.swift; sourceTree = "<group>"; };
		85ACC8E32A91276F004FF41D /* NewsApp1UITestsLaunchTests.swift */ = {isa = PBXFileReference; lastKnownFileType = sourcecode.swift; path = NewsApp1UITestsLaunchTests.swift; sourceTree = "<group>"; };
		85ACC8F02A9128F5004FF41D /* NewsViewController.swift */ = {isa = PBXFileReference; lastKnownFileType = sourcecode.swift; path = NewsViewController.swift; sourceTree = "<group>"; };
		85ACC8F22A912908004FF41D /* FavoritesViewController.swift */ = {isa = PBXFileReference; lastKnownFileType = sourcecode.swift; path = FavoritesViewController.swift; sourceTree = "<group>"; };
		85ACC8F42A922048004FF41D /* NewsModel.swift */ = {isa = PBXFileReference; lastKnownFileType = sourcecode.swift; path = NewsModel.swift; sourceTree = "<group>"; };
		85ACC8F62A92540C004FF41D /* NewsTableViewCell.swift */ = {isa = PBXFileReference; lastKnownFileType = sourcecode.swift; path = NewsTableViewCell.swift; sourceTree = "<group>"; };
/* End PBXFileReference section */

/* Begin PBXFrameworksBuildPhase section */
		85ACC8BA2A91276E004FF41D /* Frameworks */ = {
			isa = PBXFrameworksBuildPhase;
			buildActionMask = 2147483647;
			files = (
			);
			runOnlyForDeploymentPostprocessing = 0;
		};
		85ACC8D02A91276F004FF41D /* Frameworks */ = {
			isa = PBXFrameworksBuildPhase;
			buildActionMask = 2147483647;
			files = (
			);
			runOnlyForDeploymentPostprocessing = 0;
		};
		85ACC8DA2A91276F004FF41D /* Frameworks */ = {
			isa = PBXFrameworksBuildPhase;
			buildActionMask = 2147483647;
			files = (
			);
			runOnlyForDeploymentPostprocessing = 0;
		};
/* End PBXFrameworksBuildPhase section */

/* Begin PBXGroup section */
		85ACC8B42A91276E004FF41D = {
			isa = PBXGroup;
			children = (
				85ACC8BF2A91276E004FF41D /* NewsApp1 */,
				85ACC8D62A91276F004FF41D /* NewsApp1Tests */,
				85ACC8E02A91276F004FF41D /* NewsApp1UITests */,
				85ACC8BE2A91276E004FF41D /* Products */,
			);
			sourceTree = "<group>";
		};
		85ACC8BE2A91276E004FF41D /* Products */ = {
			isa = PBXGroup;
			children = (
				85ACC8BD2A91276E004FF41D /* NewsApp1.app */,
				85ACC8D32A91276F004FF41D /* NewsApp1Tests.xctest */,
				85ACC8DD2A91276F004FF41D /* NewsApp1UITests.xctest */,
			);
			name = Products;
			sourceTree = "<group>";
		};
		85ACC8BF2A91276E004FF41D /* NewsApp1 */ = {
			isa = PBXGroup;
			children = (
				85ACC8C02A91276E004FF41D /* AppDelegate.swift */,
				85ACC8C22A91276E004FF41D /* SceneDelegate.swift */,
				85ACC8C42A91276E004FF41D /* MainViewController.swift */,
				85ACC8F02A9128F5004FF41D /* NewsViewController.swift */,
				85ACC8F22A912908004FF41D /* FavoritesViewController.swift */,
				85ACC8F62A92540C004FF41D /* NewsTableViewCell.swift */,
				85ACC8F42A922048004FF41D /* NewsModel.swift */,
				85ACC8C62A91276E004FF41D /* Main.storyboard */,
				85ACC8C92A91276F004FF41D /* Assets.xcassets */,
				85ACC8CB2A91276F004FF41D /* LaunchScreen.storyboard */,
				85ACC8CE2A91276F004FF41D /* Info.plist */,
			);
			path = NewsApp1;
			sourceTree = "<group>";
		};
		85ACC8D62A91276F004FF41D /* NewsApp1Tests */ = {
			isa = PBXGroup;
			children = (
				85ACC8D72A91276F004FF41D /* NewsApp1Tests.swift */,
			);
			path = NewsApp1Tests;
			sourceTree = "<group>";
		};
		85ACC8E02A91276F004FF41D /* NewsApp1UITests */ = {
			isa = PBXGroup;
			children = (
				85ACC8E12A91276F004FF41D /* NewsApp1UITests.swift */,
				85ACC8E32A91276F004FF41D /* NewsApp1UITestsLaunchTests.swift */,
			);
			path = NewsApp1UITests;
			sourceTree = "<group>";
		};
/* End PBXGroup section */

/* Begin PBXNativeTarget section */
		85ACC8BC2A91276E004FF41D /* NewsApp1 */ = {
			isa = PBXNativeTarget;
			buildConfigurationList = 85ACC8E72A91276F004FF41D /* Build configuration list for PBXNativeTarget "NewsApp1" */;
			buildPhases = (
				85ACC8B92A91276E004FF41D /* Sources */,
				85ACC8BA2A91276E004FF41D /* Frameworks */,
				85ACC8BB2A91276E004FF41D /* Resources */,
			);
			buildRules = (
			);
			dependencies = (
			);
			name = NewsApp1;
			productName = NewsApp1;
			productReference = 85ACC8BD2A91276E004FF41D /* NewsApp1.app */;
			productType = "com.apple.product-type.application";
		};
		85ACC8D22A91276F004FF41D /* NewsApp1Tests */ = {
			isa = PBXNativeTarget;
			buildConfigurationList = 85ACC8EA2A91276F004FF41D /* Build configuration list for PBXNativeTarget "NewsApp1Tests" */;
			buildPhases = (
				85ACC8CF2A91276F004FF41D /* Sources */,
				85ACC8D02A91276F004FF41D /* Frameworks */,
				85ACC8D12A91276F004FF41D /* Resources */,
			);
			buildRules = (
			);
			dependencies = (
				85ACC8D52A91276F004FF41D /* PBXTargetDependency */,
			);
			name = NewsApp1Tests;
			productName = NewsApp1Tests;
			productReference = 85ACC8D32A91276F004FF41D /* NewsApp1Tests.xctest */;
			productType = "com.apple.product-type.bundle.unit-test";
		};
		85ACC8DC2A91276F004FF41D /* NewsApp1UITests */ = {
			isa = PBXNativeTarget;
			buildConfigurationList = 85ACC8ED2A91276F004FF41D /* Build configuration list for PBXNativeTarget "NewsApp1UITests" */;
			buildPhases = (
				85ACC8D92A91276F004FF41D /* Sources */,
				85ACC8DA2A91276F004FF41D /* Frameworks */,
				85ACC8DB2A91276F004FF41D /* Resources */,
			);
			buildRules = (
			);
			dependencies = (
				85ACC8DF2A91276F004FF41D /* PBXTargetDependency */,
			);
			name = NewsApp1UITests;
			productName = NewsApp1UITests;
			productReference = 85ACC8DD2A91276F004FF41D /* NewsApp1UITests.xctest */;
			productType = "com.apple.product-type.bundle.ui-testing";
		};
/* End PBXNativeTarget section */

/* Begin PBXProject section */
		85ACC8B52A91276E004FF41D /* Project object */ = {
			isa = PBXProject;
			attributes = {
				BuildIndependentTargetsInParallel = 1;
				LastSwiftUpdateCheck = 1430;
				LastUpgradeCheck = 1430;
				TargetAttributes = {
					85ACC8BC2A91276E004FF41D = {
						CreatedOnToolsVersion = 14.3.1;
					};
					85ACC8D22A91276F004FF41D = {
						CreatedOnToolsVersion = 14.3.1;
						TestTargetID = 85ACC8BC2A91276E004FF41D;
					};
					85ACC8DC2A91276F004FF41D = {
						CreatedOnToolsVersion = 14.3.1;
						TestTargetID = 85ACC8BC2A91276E004FF41D;
					};
				};
			};
			buildConfigurationList = 85ACC8B82A91276E004FF41D /* Build configuration list for PBXProject "NewsApp1" */;
			compatibilityVersion = "Xcode 14.0";
			developmentRegion = en;
			hasScannedForEncodings = 0;
			knownRegions = (
				en,
				Base,
			);
			mainGroup = 85ACC8B42A91276E004FF41D;
			productRefGroup = 85ACC8BE2A91276E004FF41D /* Products */;
			projectDirPath = "";
			projectRoot = "";
			targets = (
				85ACC8BC2A91276E004FF41D /* NewsApp1 */,
				85ACC8D22A91276F004FF41D /* NewsApp1Tests */,
				85ACC8DC2A91276F004FF41D /* NewsApp1UITests */,
			);
		};
/* End PBXProject section */

/* Begin PBXResourcesBuildPhase section */
		85ACC8BB2A91276E004FF41D /* Resources */ = {
			isa = PBXResourcesBuildPhase;
			buildActionMask = 2147483647;
			files = (
				85ACC8CD2A91276F004FF41D /* LaunchScreen.storyboard in Resources */,
				85ACC8CA2A91276F004FF41D /* Assets.xcassets in Resources */,
				85ACC8C82A91276E004FF41D /* Main.storyboard in Resources */,
			);
			runOnlyForDeploymentPostprocessing = 0;
		};
		85ACC8D12A91276F004FF41D /* Resources */ = {
			isa = PBXResourcesBuildPhase;
			buildActionMask = 2147483647;
			files = (
			);
			runOnlyForDeploymentPostprocessing = 0;
		};
		85ACC8DB2A91276F004FF41D /* Resources */ = {
			isa = PBXResourcesBuildPhase;
			buildActionMask = 2147483647;
			files = (
			);
			runOnlyForDeploymentPostprocessing = 0;
		};
/* End PBXResourcesBuildPhase section */

/* Begin PBXSourcesBuildPhase section */
		85ACC8B92A91276E004FF41D /* Sources */ = {
			isa = PBXSourcesBuildPhase;
			buildActionMask = 2147483647;
			files = (
				85ACC8F52A922048004FF41D /* NewsModel.swift in Sources */,
				85ACC8F72A92540C004FF41D /* NewsTableViewCell.swift in Sources */,
				85ACC8C52A91276E004FF41D /* MainViewController.swift in Sources */,
				85ACC8C12A91276E004FF41D /* AppDelegate.swift in Sources */,
				85ACC8C32A91276E004FF41D /* SceneDelegate.swift in Sources */,
				85ACC8F32A912908004FF41D /* FavoritesViewController.swift in Sources */,
				85ACC8F12A9128F5004FF41D /* NewsViewController.swift in Sources */,
			);
			runOnlyForDeploymentPostprocessing = 0;
		};
		85ACC8CF2A91276F004FF41D /* Sources */ = {
			isa = PBXSourcesBuildPhase;
			buildActionMask = 2147483647;
			files = (
				85ACC8D82A91276F004FF41D /* NewsApp1Tests.swift in Sources */,
			);
			runOnlyForDeploymentPostprocessing = 0;
		};
		85ACC8D92A91276F004FF41D /* Sources */ = {
			isa = PBXSourcesBuildPhase;
			buildActionMask = 2147483647;
			files = (
				85ACC8E42A91276F004FF41D /* NewsApp1UITestsLaunchTests.swift in Sources */,
				85ACC8E22A91276F004FF41D /* NewsApp1UITests.swift in Sources */,
			);
			runOnlyForDeploymentPostprocessing = 0;
		};
/* End PBXSourcesBuildPhase section */

/* Begin PBXTargetDependency section */
		85ACC8D52A91276F004FF41D /* PBXTargetDependency */ = {
			isa = PBXTargetDependency;
			target = 85ACC8BC2A91276E004FF41D /* NewsApp1 */;
			targetProxy = 85ACC8D42A91276F004FF41D /* PBXContainerItemProxy */;
		};
		85ACC8DF2A91276F004FF41D /* PBXTargetDependency */ = {
			isa = PBXTargetDependency;
			target = 85ACC8BC2A91276E004FF41D /* NewsApp1 */;
			targetProxy = 85ACC8DE2A91276F004FF41D /* PBXContainerItemProxy */;
		};
/* End PBXTargetDependency section */

/* Begin PBXVariantGroup section */
		85ACC8C62A91276E004FF41D /* Main.storyboard */ = {
			isa = PBXVariantGroup;
			children = (
				85ACC8C72A91276E004FF41D /* Base */,
			);
			name = Main.storyboard;
			sourceTree = "<group>";
		};
		85ACC8CB2A91276F004FF41D /* LaunchScreen.storyboard */ = {
			isa = PBXVariantGroup;
			children = (
				85ACC8CC2A91276F004FF41D /* Base */,
			);
			name = LaunchScreen.storyboard;
			sourceTree = "<group>";
		};
/* End PBXVariantGroup section */

/* Begin XCBuildConfiguration section */
		85ACC8E52A91276F004FF41D /* Debug */ = {
			isa = XCBuildConfiguration;
			buildSettings = {
				ALWAYS_SEARCH_USER_PATHS = NO;
				CLANG_ANALYZER_NONNULL = YES;
				CLANG_ANALYZER_NUMBER_OBJECT_CONVERSION = YES_AGGRESSIVE;
				CLANG_CXX_LANGUAGE_STANDARD = "gnu++20";
				CLANG_ENABLE_MODULES = YES;
				CLANG_ENABLE_OBJC_ARC = YES;
				CLANG_ENABLE_OBJC_WEAK = YES;
				CLANG_WARN_BLOCK_CAPTURE_AUTORELEASING = YES;
				CLANG_WARN_BOOL_CONVERSION = YES;
				CLANG_WARN_COMMA = YES;
				CLANG_WARN_CONSTANT_CONVERSION = YES;
				CLANG_WARN_DEPRECATED_OBJC_IMPLEMENTATIONS = YES;
				CLANG_WARN_DIRECT_OBJC_ISA_USAGE = YES_ERROR;
				CLANG_WARN_DOCUMENTATION_COMMENTS = YES;
				CLANG_WARN_EMPTY_BODY = YES;
				CLANG_WARN_ENUM_CONVERSION = YES;
				CLANG_WARN_INFINITE_RECURSION = YES;
				CLANG_WARN_INT_CONVERSION = YES;
				CLANG_WARN_NON_LITERAL_NULL_CONVERSION = YES;
				CLANG_WARN_OBJC_IMPLICIT_RETAIN_SELF = YES;
				CLANG_WARN_OBJC_LITERAL_CONVERSION = YES;
				CLANG_WARN_OBJC_ROOT_CLASS = YES_ERROR;
				CLANG_WARN_QUOTED_INCLUDE_IN_FRAMEWORK_HEADER = YES;
				CLANG_WARN_RANGE_LOOP_ANALYSIS = YES;
				CLANG_WARN_STRICT_PROTOTYPES = YES;
				CLANG_WARN_SUSPICIOUS_MOVE = YES;
				CLANG_WARN_UNGUARDED_AVAILABILITY = YES_AGGRESSIVE;
				CLANG_WARN_UNREACHABLE_CODE = YES;
				CLANG_WARN__DUPLICATE_METHOD_MATCH = YES;
				COPY_PHASE_STRIP = NO;
				DEBUG_INFORMATION_FORMAT = dwarf;
				ENABLE_STRICT_OBJC_MSGSEND = YES;
				ENABLE_TESTABILITY = YES;
				GCC_C_LANGUAGE_STANDARD = gnu11;
				GCC_DYNAMIC_NO_PIC = NO;
				GCC_NO_COMMON_BLOCKS = YES;
				GCC_OPTIMIZATION_LEVEL = 0;
				GCC_PREPROCESSOR_DEFINITIONS = (
					"DEBUG=1",
					"$(inherited)",
				);
				GCC_WARN_64_TO_32_BIT_CONVERSION = YES;
				GCC_WARN_ABOUT_RETURN_TYPE = YES_ERROR;
				GCC_WARN_UNDECLARED_SELECTOR = YES;
				GCC_WARN_UNINITIALIZED_AUTOS = YES_AGGRESSIVE;
				GCC_WARN_UNUSED_FUNCTION = YES;
				GCC_WARN_UNUSED_VARIABLE = YES;
				IPHONEOS_DEPLOYMENT_TARGET = 16.4;
				MTL_ENABLE_DEBUG_INFO = INCLUDE_SOURCE;
				MTL_FAST_MATH = YES;
				ONLY_ACTIVE_ARCH = YES;
				SDKROOT = iphoneos;
				SWIFT_ACTIVE_COMPILATION_CONDITIONS = DEBUG;
				SWIFT_OPTIMIZATION_LEVEL = "-Onone";
			};
			name = Debug;
		};
		85ACC8E62A91276F004FF41D /* Release */ = {
			isa = XCBuildConfiguration;
			buildSettings = {
				ALWAYS_SEARCH_USER_PATHS = NO;
				CLANG_ANALYZER_NONNULL = YES;
				CLANG_ANALYZER_NUMBER_OBJECT_CONVERSION = YES_AGGRESSIVE;
				CLANG_CXX_LANGUAGE_STANDARD = "gnu++20";
				CLANG_ENABLE_MODULES = YES;
				CLANG_ENABLE_OBJC_ARC = YES;
				CLANG_ENABLE_OBJC_WEAK = YES;
				CLANG_WARN_BLOCK_CAPTURE_AUTORELEASING = YES;
				CLANG_WARN_BOOL_CONVERSION = YES;
				CLANG_WARN_COMMA = YES;
				CLANG_WARN_CONSTANT_CONVERSION = YES;
				CLANG_WARN_DEPRECATED_OBJC_IMPLEMENTATIONS = YES;
				CLANG_WARN_DIRECT_OBJC_ISA_USAGE = YES_ERROR;
				CLANG_WARN_DOCUMENTATION_COMMENTS = YES;
				CLANG_WARN_EMPTY_BODY = YES;
				CLANG_WARN_ENUM_CONVERSION = YES;
				CLANG_WARN_INFINITE_RECURSION = YES;
				CLANG_WARN_INT_CONVERSION = YES;
				CLANG_WARN_NON_LITERAL_NULL_CONVERSION = YES;
				CLANG_WARN_OBJC_IMPLICIT_RETAIN_SELF = YES;
				CLANG_WARN_OBJC_LITERAL_CONVERSION = YES;
				CLANG_WARN_OBJC_ROOT_CLASS = YES_ERROR;
				CLANG_WARN_QUOTED_INCLUDE_IN_FRAMEWORK_HEADER = YES;
				CLANG_WARN_RANGE_LOOP_ANALYSIS = YES;
				CLANG_WARN_STRICT_PROTOTYPES = YES;
				CLANG_WARN_SUSPICIOUS_MOVE = YES;
				CLANG_WARN_UNGUARDED_AVAILABILITY = YES_AGGRESSIVE;
				CLANG_WARN_UNREACHABLE_CODE = YES;
				CLANG_WARN__DUPLICATE_METHOD_MATCH = YES;
				COPY_PHASE_STRIP = NO;
				DEBUG_INFORMATION_FORMAT = "dwarf-with-dsym";
				ENABLE_NS_ASSERTIONS = NO;
				ENABLE_STRICT_OBJC_MSGSEND = YES;
				GCC_C_LANGUAGE_STANDARD = gnu11;
				GCC_NO_COMMON_BLOCKS = YES;
				GCC_WARN_64_TO_32_BIT_CONVERSION = YES;
				GCC_WARN_ABOUT_RETURN_TYPE = YES_ERROR;
				GCC_WARN_UNDECLARED_SELECTOR = YES;
				GCC_WARN_UNINITIALIZED_AUTOS = YES_AGGRESSIVE;
				GCC_WARN_UNUSED_FUNCTION = YES;
				GCC_WARN_UNUSED_VARIABLE = YES;
				IPHONEOS_DEPLOYMENT_TARGET = 16.4;
				MTL_ENABLE_DEBUG_INFO = NO;
				MTL_FAST_MATH = YES;
				SDKROOT = iphoneos;
				SWIFT_COMPILATION_MODE = wholemodule;
				SWIFT_OPTIMIZATION_LEVEL = "-O";
				VALIDATE_PRODUCT = YES;
			};
			name = Release;
		};
		85ACC8E82A91276F004FF41D /* Debug */ = {
			isa = XCBuildConfiguration;
			buildSettings = {
				ASSETCATALOG_COMPILER_APPICON_NAME = AppIcon;
				ASSETCATALOG_COMPILER_GLOBAL_ACCENT_COLOR_NAME = AccentColor;
				CODE_SIGN_STYLE = Automatic;
				CURRENT_PROJECT_VERSION = 1;
				GENERATE_INFOPLIST_FILE = YES;
				INFOPLIST_FILE = NewsApp1/Info.plist;
				INFOPLIST_KEY_UIApplicationSupportsIndirectInputEvents = YES;
				INFOPLIST_KEY_UILaunchStoryboardName = LaunchScreen;
				INFOPLIST_KEY_UIMainStoryboardFile = Main;
				INFOPLIST_KEY_UISupportedInterfaceOrientations_iPad = "UIInterfaceOrientationPortrait UIInterfaceOrientationPortraitUpsideDown UIInterfaceOrientationLandscapeLeft UIInterfaceOrientationLandscapeRight";
				INFOPLIST_KEY_UISupportedInterfaceOrientations_iPhone = "UIInterfaceOrientationPortrait UIInterfaceOrientationLandscapeLeft UIInterfaceOrientationLandscapeRight";
				LD_RUNPATH_SEARCH_PATHS = (
					"$(inherited)",
					"@executable_path/Frameworks",
				);
				MARKETING_VERSION = 1.0;
				PRODUCT_BUNDLE_IDENTIFIER = umirzokova.com.NewsApp1;
				PRODUCT_NAME = "$(TARGET_NAME)";
				SUPPORTED_PLATFORMS = "iphoneos iphonesimulator";
				SUPPORTS_MACCATALYST = NO;
				SUPPORTS_MAC_DESIGNED_FOR_IPHONE_IPAD = NO;
				SWIFT_EMIT_LOC_STRINGS = YES;
				SWIFT_VERSION = 5.0;
				TARGETED_DEVICE_FAMILY = 1;
			};
			name = Debug;
		};
		85ACC8E92A91276F004FF41D /* Release */ = {
			isa = XCBuildConfiguration;
			buildSettings = {
				ASSETCATALOG_COMPILER_APPICON_NAME = AppIcon;
				ASSETCATALOG_COMPILER_GLOBAL_ACCENT_COLOR_NAME = AccentColor;
				CODE_SIGN_STYLE = Automatic;
				CURRENT_PROJECT_VERSION = 1;
				GENERATE_INFOPLIST_FILE = YES;
				INFOPLIST_FILE = NewsApp1/Info.plist;
				INFOPLIST_KEY_UIApplicationSupportsIndirectInputEvents = YES;
				INFOPLIST_KEY_UILaunchStoryboardName = LaunchScreen;
				INFOPLIST_KEY_UIMainStoryboardFile = Main;
				INFOPLIST_KEY_UISupportedInterfaceOrientations_iPad = "UIInterfaceOrientationPortrait UIInterfaceOrientationPortraitUpsideDown UIInterfaceOrientationLandscapeLeft UIInterfaceOrientationLandscapeRight";
				INFOPLIST_KEY_UISupportedInterfaceOrientations_iPhone = "UIInterfaceOrientationPortrait UIInterfaceOrientationLandscapeLeft UIInterfaceOrientationLandscapeRight";
				LD_RUNPATH_SEARCH_PATHS = (
					"$(inherited)",
					"@executable_path/Frameworks",
				);
				MARKETING_VERSION = 1.0;
				PRODUCT_BUNDLE_IDENTIFIER = umirzokova.com.NewsApp1;
				PRODUCT_NAME = "$(TARGET_NAME)";
				SUPPORTED_PLATFORMS = "iphoneos iphonesimulator";
				SUPPORTS_MACCATALYST = NO;
				SUPPORTS_MAC_DESIGNED_FOR_IPHONE_IPAD = NO;
				SWIFT_EMIT_LOC_STRINGS = YES;
				SWIFT_VERSION = 5.0;
				TARGETED_DEVICE_FAMILY = 1;
			};
			name = Release;
		};
		85ACC8EB2A91276F004FF41D /* Debug */ = {
			isa = XCBuildConfiguration;
			buildSettings = {
				ALWAYS_EMBED_SWIFT_STANDARD_LIBRARIES = YES;
				BUNDLE_LOADER = "$(TEST_HOST)";
				CODE_SIGN_STYLE = Automatic;
				CURRENT_PROJECT_VERSION = 1;
				GENERATE_INFOPLIST_FILE = YES;
				IPHONEOS_DEPLOYMENT_TARGET = 16.4;
				MARKETING_VERSION = 1.0;
				PRODUCT_BUNDLE_IDENTIFIER = umirzokova.com.NewsApp1Tests;
				PRODUCT_NAME = "$(TARGET_NAME)";
				SWIFT_EMIT_LOC_STRINGS = NO;
				SWIFT_VERSION = 5.0;
				TARGETED_DEVICE_FAMILY = "1,2";
				TEST_HOST = "$(BUILT_PRODUCTS_DIR)/NewsApp1.app/$(BUNDLE_EXECUTABLE_FOLDER_PATH)/NewsApp1";
			};
			name = Debug;
		};
		85ACC8EC2A91276F004FF41D /* Release */ = {
			isa = XCBuildConfiguration;
			buildSettings = {
				ALWAYS_EMBED_SWIFT_STANDARD_LIBRARIES = YES;
				BUNDLE_LOADER = "$(TEST_HOST)";
				CODE_SIGN_STYLE = Automatic;
				CURRENT_PROJECT_VERSION = 1;
				GENERATE_INFOPLIST_FILE = YES;
				IPHONEOS_DEPLOYMENT_TARGET = 16.4;
				MARKETING_VERSION = 1.0;
				PRODUCT_BUNDLE_IDENTIFIER = umirzokova.com.NewsApp1Tests;
				PRODUCT_NAME = "$(TARGET_NAME)";
				SWIFT_EMIT_LOC_STRINGS = NO;
				SWIFT_VERSION = 5.0;
				TARGETED_DEVICE_FAMILY = "1,2";
				TEST_HOST = "$(BUILT_PRODUCTS_DIR)/NewsApp1.app/$(BUNDLE_EXECUTABLE_FOLDER_PATH)/NewsApp1";
			};
			name = Release;
		};
		85ACC8EE2A91276F004FF41D /* Debug */ = {
			isa = XCBuildConfiguration;
			buildSettings = {
				ALWAYS_EMBED_SWIFT_STANDARD_LIBRARIES = YES;
				CODE_SIGN_STYLE = Automatic;
				CURRENT_PROJECT_VERSION = 1;
				GENERATE_INFOPLIST_FILE = YES;
				MARKETING_VERSION = 1.0;
				PRODUCT_BUNDLE_IDENTIFIER = umirzokova.com.NewsApp1UITests;
				PRODUCT_NAME = "$(TARGET_NAME)";
				SWIFT_EMIT_LOC_STRINGS = NO;
				SWIFT_VERSION = 5.0;
				TARGETED_DEVICE_FAMILY = "1,2";
				TEST_TARGET_NAME = NewsApp1;
			};
			name = Debug;
		};
		85ACC8EF2A91276F004FF41D /* Release */ = {
			isa = XCBuildConfiguration;
			buildSettings = {
				ALWAYS_EMBED_SWIFT_STANDARD_LIBRARIES = YES;
				CODE_SIGN_STYLE = Automatic;
				CURRENT_PROJECT_VERSION = 1;
				GENERATE_INFOPLIST_FILE = YES;
				MARKETING_VERSION = 1.0;
				PRODUCT_BUNDLE_IDENTIFIER = umirzokova.com.NewsApp1UITests;
				PRODUCT_NAME = "$(TARGET_NAME)";
				SWIFT_EMIT_LOC_STRINGS = NO;
				SWIFT_VERSION = 5.0;
				TARGETED_DEVICE_FAMILY = "1,2";
				TEST_TARGET_NAME = NewsApp1;
			};
			name = Release;
		};
/* End XCBuildConfiguration section */

/* Begin XCConfigurationList section */
		85ACC8B82A91276E004FF41D /* Build configuration list for PBXProject "NewsApp1" */ = {
			isa = XCConfigurationList;
			buildConfigurations = (
				85ACC8E52A91276F004FF41D /* Debug */,
				85ACC8E62A91276F004FF41D /* Release */,
			);
			defaultConfigurationIsVisible = 0;
			defaultConfigurationName = Release;
		};
		85ACC8E72A91276F004FF41D /* Build configuration list for PBXNativeTarget "NewsApp1" */ = {
			isa = XCConfigurationList;
			buildConfigurations = (
				85ACC8E82A91276F004FF41D /* Debug */,
				85ACC8E92A91276F004FF41D /* Release */,
			);
			defaultConfigurationIsVisible = 0;
			defaultConfigurationName = Release;
		};
		85ACC8EA2A91276F004FF41D /* Build configuration list for PBXNativeTarget "NewsApp1Tests" */ = {
			isa = XCConfigurationList;
			buildConfigurations = (
				85ACC8EB2A91276F004FF41D /* Debug */,
				85ACC8EC2A91276F004FF41D /* Release */,
			);
			defaultConfigurationIsVisible = 0;
			defaultConfigurationName = Release;
		};
		85ACC8ED2A91276F004FF41D /* Build configuration list for PBXNativeTarget "NewsApp1UITests" */ = {
			isa = XCConfigurationList;
			buildConfigurations = (
				85ACC8EE2A91276F004FF41D /* Debug */,
				85ACC8EF2A91276F004FF41D /* Release */,
			);
			defaultConfigurationIsVisible = 0;
			defaultConfigurationName = Release;
		};
/* End XCConfigurationList section */
	};
	rootObject = 85ACC8B52A91276E004FF41D /* Project object */;
}
